
Microsoft Visual Studio Solution File, Format Version 12.00
# Visual Studio Version 16
VisualStudioVersion = 16.0.30907.101
MinimumVisualStudioVersion = 10.0.40219.1
Project("{9A19103F-16F7-4668-BE54-9A1E7A4F7556}") = "SmartClassRoom.Domain", "SmartClassRoom.Domain\SmartClassRoom.Domain.csproj", "{C550C0AA-3023-449E-B3D5-1414C35C9684}"
EndProject
Project("{9A19103F-16F7-4668-BE54-9A1E7A4F7556}") = "DataAccessLayer", "DataAccessLayer\DataAccessLayer.csproj", "{998B90E4-D72C-4517-948C-690E1B97F75F}"
EndProject
Project("{9A19103F-16F7-4668-BE54-9A1E7A4F7556}") = "FaceProcessing", "FaceProcessing\FaceProcessing.csproj", "{50C02E74-6B49-44A3-BA13-9C374FC6D814}"
EndProject
Project("{9A19103F-16F7-4668-BE54-9A1E7A4F7556}") = "Presentation.WPF", "Presentation.WPF\Presentation.WPF.csproj", "{BB46F02C-643A-450A-A10C-767C8B2A56D4}"
EndProject
Project("{9A19103F-16F7-4668-BE54-9A1E7A4F7556}") = "ConsoleApp1", "ConsoleApp1\ConsoleApp1.csproj", "{DDCB0F65-EBFD-49EF-A484-8D3BC72FD9C4}"
EndProject
Project("{FAE04EC0-301F-11D3-BF4B-00C04F79EFBC}") = "ClassRoomDataAPI", "ClassRoomDataAPI\ClassRoomDataAPI.csproj", "{ED320596-A608-4C05-BC67-298B3DF0A99D}"
EndProject
Global
	GlobalSection(SolutionConfigurationPlatforms) = preSolution
		Debug|Any CPU = Debug|Any CPU
		Release|Any CPU = Release|Any CPU
	EndGlobalSection
	GlobalSection(ProjectConfigurationPlatforms) = postSolution
		{C550C0AA-3023-449E-B3D5-1414C35C9684}.Debug|Any CPU.ActiveCfg = Debug|Any CPU
		{C550C0AA-3023-449E-B3D5-1414C35C9684}.Debug|Any CPU.Build.0 = Debug|Any CPU
		{C550C0AA-3023-449E-B3D5-1414C35C9684}.Release|Any CPU.ActiveCfg = Release|Any CPU
		{C550C0AA-3023-449E-B3D5-1414C35C9684}.Release|Any CPU.Build.0 = Release|Any CPU
		{998B90E4-D72C-4517-948C-690E1B97F75F}.Debug|Any CPU.ActiveCfg = Debug|Any CPU
		{998B90E4-D72C-4517-948C-690E1B97F75F}.Debug|Any CPU.Build.0 = Debug|Any CPU
		{998B90E4-D72C-4517-948C-690E1B97F75F}.Release|Any CPU.ActiveCfg = Release|Any CPU
		{998B90E4-D72C-4517-948C-690E1B97F75F}.Release|Any CPU.Build.0 = Release|Any CPU
		{50C02E74-6B49-44A3-BA13-9C374FC6D814}.Debug|Any CPU.ActiveCfg = Debug|Any CPU
		{50C02E74-6B49-44A3-BA13-9C374FC6D814}.Debug|Any CPU.Build.0 = Debug|Any CPU
		{50C02E74-6B49-44A3-BA13-9C374FC6D814}.Release|Any CPU.ActiveCfg = Release|Any CPU
		{50C02E74-6B49-44A3-BA13-9C374FC6D814}.Release|Any CPU.Build.0 = Release|Any CPU
		{BB46F02C-643A-450A-A10C-767C8B2A56D4}.Debug|Any CPU.ActiveCfg = Debug|Any CPU
		{BB46F02C-643A-450A-A10C-767C8B2A56D4}.Debug|Any CPU.Build.0 = Debug|Any CPU
		{BB46F02C-643A-450A-A10C-767C8B2A56D4}.Release|Any CPU.ActiveCfg = Release|Any CPU
		{BB46F02C-643A-450A-A10C-767C8B2A56D4}.Release|Any CPU.Build.0 = Release|Any CPU
		{DDCB0F65-EBFD-49EF-A484-8D3BC72FD9C4}.Debug|Any CPU.ActiveCfg = Debug|Any CPU
		{DDCB0F65-EBFD-49EF-A484-8D3BC72FD9C4}.Debug|Any CPU.Build.0 = Debug|Any CPU
		{DDCB0F65-EBFD-49EF-A484-8D3BC72FD9C4}.Release|Any CPU.ActiveCfg = Release|Any CPU
		{DDCB0F65-EBFD-49EF-A484-8D3BC72FD9C4}.Release|Any CPU.Build.0 = Release|Any CPU
		{ED320596-A608-4C05-BC67-298B3DF0A99D}.Debug|Any CPU.ActiveCfg = Debug|Any CPU
		{ED320596-A608-4C05-BC67-298B3DF0A99D}.Debug|Any CPU.Build.0 = Debug|Any CPU
		{ED320596-A608-4C05-BC67-298B3DF0A99D}.Release|Any CPU.ActiveCfg = Release|Any CPU
		{ED320596-A608-4C05-BC67-298B3DF0A99D}.Release|Any CPU.Build.0 = Release|Any CPU
	EndGlobalSection
	GlobalSection(SolutionProperties) = preSolution
		HideSolutionNode = FALSE
	EndGlobalSection
	GlobalSection(ExtensibilityGlobals) = postSolution
		SolutionGuid = {FB79F36C-654A-4120-A6E5-639CD488B257}
	EndGlobalSection
EndGlobal
